
Microsoft Visual Studio Solution File, Format Version 12.00
# Visual Studio Version 17
VisualStudioVersion = 17.3.32922.545
MinimumVisualStudioVersion = 10.0.40219.1
Project("{FAE04EC0-301F-11D3-BF4B-00C04F79EFBC}") = "SocialAuthentication", "SocialAuthentication\SocialAuthentication.csproj", "{95F5204C-7299-47D0-B102-6F9F0F5DF5CD}"
EndProject
Global
	GlobalSection(SolutionConfigurationPlatforms) = preSolution
		Debug|Any CPU = Debug|Any CPU
		Release|Any CPU = Release|Any CPU
	EndGlobalSection
	GlobalSection(ProjectConfigurationPlatforms) = postSolution
		{95F5204C-7299-47D0-B102-6F9F0F5DF5CD}.Debug|Any CPU.ActiveCfg = Debug|Any CPU
		{95F5204C-7299-47D0-B102-6F9F0F5DF5CD}.Debug|Any CPU.Build.0 = Debug|Any CPU
		{95F5204C-7299-47D0-B102-6F9F0F5DF5CD}.Release|Any CPU.ActiveCfg = Release|Any CPU
		{95F5204C-7299-47D0-B102-6F9F0F5DF5CD}.Release|Any CPU.Build.0 = Release|Any CPU
	EndGlobalSection
	GlobalSection(SolutionProperties) = preSolution
		HideSolutionNode = FALSE
	EndGlobalSection
	GlobalSection(ExtensibilityGlobals) = postSolution
		SolutionGuid = {D2763103-F4C7-4A5D-B71E-47D43553EDB5}
	EndGlobalSection
EndGlobal
